
Microsoft Visual Studio Solution File, Format Version 12.00
# Visual Studio Version 16
VisualStudioVersion = 16.0.31129.286
MinimumVisualStudioVersion = 10.0.40219.1
Project("{FAE04EC0-301F-11D3-BF4B-00C04F79EFBC}") = "WinFormsApp16", "WinFormsApp16\WinFormsApp16.csproj", "{21B6A886-3DE5-48F2-844C-76DAE5783D87}"
EndProject
Global
	GlobalSection(SolutionConfigurationPlatforms) = preSolution
		Debug|Any CPU = Debug|Any CPU
		Release|Any CPU = Release|Any CPU
	EndGlobalSection
	GlobalSection(ProjectConfigurationPlatforms) = postSolution
		{21B6A886-3DE5-48F2-844C-76DAE5783D87}.Debug|Any CPU.ActiveCfg = Debug|Any CPU
		{21B6A886-3DE5-48F2-844C-76DAE5783D87}.Debug|Any CPU.Build.0 = Debug|Any CPU
		{21B6A886-3DE5-48F2-844C-76DAE5783D87}.Release|Any CPU.ActiveCfg = Release|Any CPU
		{21B6A886-3DE5-48F2-844C-76DAE5783D87}.Release|Any CPU.Build.0 = Release|Any CPU
	EndGlobalSection
	GlobalSection(SolutionProperties) = preSolution
		HideSolutionNode = FALSE
	EndGlobalSection
	GlobalSection(ExtensibilityGlobals) = postSolution
		SolutionGuid = {60A90FEC-BE91-4CC1-95CC-06610437F24D}
	EndGlobalSection
EndGlobal
